{
  "name": "sssst",
  "version": "1.0.0",
  "lockfileVersion": 1,
  "requires": true,
  "dependencies": {
    "qrcode-terminal": {
      "version": "git+https://github.com/themand/qrcode-terminal.git#90f66cf5c6b10bcb4358df96a9580f9eb383307b",
      "from": "git+https://github.com/themand/qrcode-terminal.git"
    },
    "secrets.js-grempe": {
      "version": "git+https://github.com/themand/secrets.js.git#b6e13cb43f2065a9b622a35002a68222f2bfd437",
      "from": "git+https://github.com/themand/secrets.js.git"
    }
  }
}
